
Microsoft Visual Studio Solution File, Format Version 12.00
# Visual Studio 14
VisualStudioVersion = 14.0.25420.1
MinimumVisualStudioVersion = 10.0.40219.1
Project("{FAE04EC0-301F-11D3-BF4B-00C04F79EFBC}") = "Netus", "Netus\Netus.csproj", "{70524198-35A6-4753-BB80-544B7266ECDA}"
EndProject
Project("{FAE04EC0-301F-11D3-BF4B-00C04F79EFBC}") = "netus-protocol", "..\netus-protocol\netus-protocol\netus-protocol.csproj", "{A3C5FC2D-CF48-4804-9887-8B01B073E45A}"
EndProject
Global
	GlobalSection(SolutionConfigurationPlatforms) = preSolution
		Debug|Any CPU = Debug|Any CPU
		Release|Any CPU = Release|Any CPU
	EndGlobalSection
	GlobalSection(ProjectConfigurationPlatforms) = postSolution
		{70524198-35A6-4753-BB80-544B7266ECDA}.Debug|Any CPU.ActiveCfg = Debug|Any CPU
		{70524198-35A6-4753-BB80-544B7266ECDA}.Debug|Any CPU.Build.0 = Debug|Any CPU
		{70524198-35A6-4753-BB80-544B7266ECDA}.Release|Any CPU.ActiveCfg = Release|Any CPU
		{70524198-35A6-4753-BB80-544B7266ECDA}.Release|Any CPU.Build.0 = Release|Any CPU
		{A3C5FC2D-CF48-4804-9887-8B01B073E45A}.Debug|Any CPU.ActiveCfg = Debug|Any CPU
		{A3C5FC2D-CF48-4804-9887-8B01B073E45A}.Debug|Any CPU.Build.0 = Debug|Any CPU
		{A3C5FC2D-CF48-4804-9887-8B01B073E45A}.Release|Any CPU.ActiveCfg = Release|Any CPU
		{A3C5FC2D-CF48-4804-9887-8B01B073E45A}.Release|Any CPU.Build.0 = Release|Any CPU
	EndGlobalSection
	GlobalSection(SolutionProperties) = preSolution
		HideSolutionNode = FALSE
	EndGlobalSection
EndGlobal
